
Microsoft Visual Studio Solution File, Format Version 12.00
# Visual Studio Version 17
VisualStudioVersion = 17.14.36301.6 d17.14
MinimumVisualStudioVersion = 10.0.40219.1
Project("{FAE04EC0-301F-11D3-BF4B-00C04F79EFBC}") = "OrdersNotificationApp", "OrdersNotificationApp\OrdersNotificationApp.csproj", "{52640ACA-3808-4ECE-BDB1-13CA59909C2F}"
EndProject
Global
	GlobalSection(SolutionConfigurationPlatforms) = preSolution
		Debug|Any CPU = Debug|Any CPU
		Release|Any CPU = Release|Any CPU
	EndGlobalSection
	GlobalSection(ProjectConfigurationPlatforms) = postSolution
		{52640ACA-3808-4ECE-BDB1-13CA59909C2F}.Debug|Any CPU.ActiveCfg = Debug|Any CPU
		{52640ACA-3808-4ECE-BDB1-13CA59909C2F}.Debug|Any CPU.Build.0 = Debug|Any CPU
		{52640ACA-3808-4ECE-BDB1-13CA59909C2F}.Release|Any CPU.ActiveCfg = Release|Any CPU
		{52640ACA-3808-4ECE-BDB1-13CA59909C2F}.Release|Any CPU.Build.0 = Release|Any CPU
	EndGlobalSection
	GlobalSection(SolutionProperties) = preSolution
		HideSolutionNode = FALSE
	EndGlobalSection
	GlobalSection(ExtensibilityGlobals) = postSolution
		SolutionGuid = {6B70D2AE-8922-44B0-94BF-5AF5E05F9DAD}
	EndGlobalSection
EndGlobal
